
Microsoft Visual Studio Solution File, Format Version 12.00
# Visual Studio 15
VisualStudioVersion = 15.0.26403.3
MinimumVisualStudioVersion = 10.0.40219.1
Project("{9A19103F-16F7-4668-BE54-9A1E7A4F7556}") = "DayPrinter", "DayPrinter\DayPrinter.xproj", "{B3E76AAA-3BE8-49C7-A831-64EF68C6F28D}"
EndProject
Project("{9A19103F-16F7-4668-BE54-9A1E7A4F7556}") = "ElseIf", "ElseIf\ElseIf.xproj", "{C7008ACC-EE4B-49CC-B7FB-5F9F95E257A9}"
EndProject
Project("{9A19103F-16F7-4668-BE54-9A1E7A4F7556}") = "TempConv", "TempConv\TempConv.xproj", "{6D18F93D-E26F-4FF4-ABF2-1450FD9FB19D}"
EndProject
Project("{9A19103F-16F7-4668-BE54-9A1E7A4F7556}") = "HelloMethods", "HelloMethods\HelloMethods.xproj", "{9B69E0D2-FBD5-4FB4-9D40-768AE4F57300}"
EndProject
Project("{9A19103F-16F7-4668-BE54-9A1E7A4F7556}") = "Gradebook", "Gradebook\Gradebook.xproj", "{9E08496B-2501-4CBF-844F-8FD7BA97F4E6}"
EndProject
Project("{9A19103F-16F7-4668-BE54-9A1E7A4F7556}") = "GradebookDict", "GradebookDict\GradebookDict.xproj", "{EFCB1B91-2E92-478F-BFF7-013FF6911DCC}"
EndProject
Project("{9A19103F-16F7-4668-BE54-9A1E7A4F7556}") = "GradebookArray", "GradebookArray\GradebookArray.xproj", "{89051A0E-8D18-48C3-B4E6-D05F62D252CE}"
EndProject
Project("{FAE04EC0-301F-11D3-BF4B-00C04F79EFBC}") = "HelloWorld", "HelloWorld\HelloWorld.csproj", "{DE46C6E1-0AE6-4291-9F40-A8B176909FB2}"
EndProject
Project("{FAE04EC0-301F-11D3-BF4B-00C04F79EFBC}") = "CalcArea", "CalcArea\CalcArea.csproj", "{7D800E47-8A42-4229-B3E4-96F4986BC546}"
EndProject
Project("{FAE04EC0-301F-11D3-BF4B-00C04F79EFBC}") = "CalcMPG", "CalcMPG\CalcMPG.csproj", "{39E89BE7-CBBA-44D5-9D58-84FFC44AE829}"
EndProject
Project("{FAE04EC0-301F-11D3-BF4B-00C04F79EFBC}") = "AliceWonderland", "AliceWonderland\AliceWonderland.csproj", "{B0CEBAD8-0B83-4EDC-9627-D923DE356F75}"
EndProject
Project("{FAE04EC0-301F-11D3-BF4B-00C04F79EFBC}") = "WorkingWithStrings", "WorkingWithStrings\WorkingWithStrings.csproj", "{273864C3-AD6A-4A2E-9283-ADF3CFFBF091}"
EndProject
Project("{FAE04EC0-301F-11D3-BF4B-00C04F79EFBC}") = "SumEven", "SumEven\SumEven.csproj", "{4CFD03B5-2B21-47D0-A645-6290AB3937CC}"
EndProject
Project("{FAE04EC0-301F-11D3-BF4B-00C04F79EFBC}") = "PrintFive", "PrintFive\PrintFive.csproj", "{F7F75E78-59DE-4169-B122-489534D6A7D5}"
EndProject
Project("{FAE04EC0-301F-11D3-BF4B-00C04F79EFBC}") = "PrintValues", "PrintValues\PrintValues.csproj", "{3F58D380-EF5B-4241-8E2F-19BF7ABDD831}"
EndProject
Project("{FAE04EC0-301F-11D3-BF4B-00C04F79EFBC}") = "NewGradeBookDict", "NewGradeBookDict\NewGradeBookDict.csproj", "{06ACACBB-90A5-437F-A378-7A9362978725}"
EndProject
Project("{FAE04EC0-301F-11D3-BF4B-00C04F79EFBC}") = "Max", "Max\Max.csproj", "{50A6E269-84CA-4B4B-A976-3D0484DA5D79}"
EndProject
Global
	GlobalSection(SolutionConfigurationPlatforms) = preSolution
		Debug|Any CPU = Debug|Any CPU
		Release|Any CPU = Release|Any CPU
	EndGlobalSection
	GlobalSection(ProjectConfigurationPlatforms) = postSolution
		{B3E76AAA-3BE8-49C7-A831-64EF68C6F28D}.Debug|Any CPU.ActiveCfg = Debug|Any CPU
		{B3E76AAA-3BE8-49C7-A831-64EF68C6F28D}.Debug|Any CPU.Build.0 = Debug|Any CPU
		{B3E76AAA-3BE8-49C7-A831-64EF68C6F28D}.Release|Any CPU.ActiveCfg = Release|Any CPU
		{B3E76AAA-3BE8-49C7-A831-64EF68C6F28D}.Release|Any CPU.Build.0 = Release|Any CPU
		{C7008ACC-EE4B-49CC-B7FB-5F9F95E257A9}.Debug|Any CPU.ActiveCfg = Debug|Any CPU
		{C7008ACC-EE4B-49CC-B7FB-5F9F95E257A9}.Debug|Any CPU.Build.0 = Debug|Any CPU
		{C7008ACC-EE4B-49CC-B7FB-5F9F95E257A9}.Release|Any CPU.ActiveCfg = Release|Any CPU
		{C7008ACC-EE4B-49CC-B7FB-5F9F95E257A9}.Release|Any CPU.Build.0 = Release|Any CPU
		{6D18F93D-E26F-4FF4-ABF2-1450FD9FB19D}.Debug|Any CPU.ActiveCfg = Debug|Any CPU
		{6D18F93D-E26F-4FF4-ABF2-1450FD9FB19D}.Debug|Any CPU.Build.0 = Debug|Any CPU
		{6D18F93D-E26F-4FF4-ABF2-1450FD9FB19D}.Release|Any CPU.ActiveCfg = Release|Any CPU
		{6D18F93D-E26F-4FF4-ABF2-1450FD9FB19D}.Release|Any CPU.Build.0 = Release|Any CPU
		{9B69E0D2-FBD5-4FB4-9D40-768AE4F57300}.Debug|Any CPU.ActiveCfg = Debug|Any CPU
		{9B69E0D2-FBD5-4FB4-9D40-768AE4F57300}.Debug|Any CPU.Build.0 = Debug|Any CPU
		{9B69E0D2-FBD5-4FB4-9D40-768AE4F57300}.Release|Any CPU.ActiveCfg = Release|Any CPU
		{9B69E0D2-FBD5-4FB4-9D40-768AE4F57300}.Release|Any CPU.Build.0 = Release|Any CPU
		{9E08496B-2501-4CBF-844F-8FD7BA97F4E6}.Debug|Any CPU.ActiveCfg = Debug|Any CPU
		{9E08496B-2501-4CBF-844F-8FD7BA97F4E6}.Debug|Any CPU.Build.0 = Debug|Any CPU
		{9E08496B-2501-4CBF-844F-8FD7BA97F4E6}.Release|Any CPU.ActiveCfg = Release|Any CPU
		{9E08496B-2501-4CBF-844F-8FD7BA97F4E6}.Release|Any CPU.Build.0 = Release|Any CPU
		{EFCB1B91-2E92-478F-BFF7-013FF6911DCC}.Debug|Any CPU.ActiveCfg = Debug|Any CPU
		{EFCB1B91-2E92-478F-BFF7-013FF6911DCC}.Debug|Any CPU.Build.0 = Debug|Any CPU
		{EFCB1B91-2E92-478F-BFF7-013FF6911DCC}.Release|Any CPU.ActiveCfg = Release|Any CPU
		{EFCB1B91-2E92-478F-BFF7-013FF6911DCC}.Release|Any CPU.Build.0 = Release|Any CPU
		{89051A0E-8D18-48C3-B4E6-D05F62D252CE}.Debug|Any CPU.ActiveCfg = Debug|Any CPU
		{89051A0E-8D18-48C3-B4E6-D05F62D252CE}.Debug|Any CPU.Build.0 = Debug|Any CPU
		{89051A0E-8D18-48C3-B4E6-D05F62D252CE}.Release|Any CPU.ActiveCfg = Release|Any CPU
		{89051A0E-8D18-48C3-B4E6-D05F62D252CE}.Release|Any CPU.Build.0 = Release|Any CPU
		{DE46C6E1-0AE6-4291-9F40-A8B176909FB2}.Debug|Any CPU.ActiveCfg = Debug|Any CPU
		{DE46C6E1-0AE6-4291-9F40-A8B176909FB2}.Debug|Any CPU.Build.0 = Debug|Any CPU
		{DE46C6E1-0AE6-4291-9F40-A8B176909FB2}.Release|Any CPU.ActiveCfg = Release|Any CPU
		{DE46C6E1-0AE6-4291-9F40-A8B176909FB2}.Release|Any CPU.Build.0 = Release|Any CPU
		{7D800E47-8A42-4229-B3E4-96F4986BC546}.Debug|Any CPU.ActiveCfg = Debug|Any CPU
		{7D800E47-8A42-4229-B3E4-96F4986BC546}.Debug|Any CPU.Build.0 = Debug|Any CPU
		{7D800E47-8A42-4229-B3E4-96F4986BC546}.Release|Any CPU.ActiveCfg = Release|Any CPU
		{7D800E47-8A42-4229-B3E4-96F4986BC546}.Release|Any CPU.Build.0 = Release|Any CPU
		{39E89BE7-CBBA-44D5-9D58-84FFC44AE829}.Debug|Any CPU.ActiveCfg = Debug|Any CPU
		{39E89BE7-CBBA-44D5-9D58-84FFC44AE829}.Debug|Any CPU.Build.0 = Debug|Any CPU
		{39E89BE7-CBBA-44D5-9D58-84FFC44AE829}.Release|Any CPU.ActiveCfg = Release|Any CPU
		{39E89BE7-CBBA-44D5-9D58-84FFC44AE829}.Release|Any CPU.Build.0 = Release|Any CPU
		{B0CEBAD8-0B83-4EDC-9627-D923DE356F75}.Debug|Any CPU.ActiveCfg = Debug|Any CPU
		{B0CEBAD8-0B83-4EDC-9627-D923DE356F75}.Debug|Any CPU.Build.0 = Debug|Any CPU
		{B0CEBAD8-0B83-4EDC-9627-D923DE356F75}.Release|Any CPU.ActiveCfg = Release|Any CPU
		{B0CEBAD8-0B83-4EDC-9627-D923DE356F75}.Release|Any CPU.Build.0 = Release|Any CPU
		{273864C3-AD6A-4A2E-9283-ADF3CFFBF091}.Debug|Any CPU.ActiveCfg = Debug|Any CPU
		{273864C3-AD6A-4A2E-9283-ADF3CFFBF091}.Debug|Any CPU.Build.0 = Debug|Any CPU
		{273864C3-AD6A-4A2E-9283-ADF3CFFBF091}.Release|Any CPU.ActiveCfg = Release|Any CPU
		{273864C3-AD6A-4A2E-9283-ADF3CFFBF091}.Release|Any CPU.Build.0 = Release|Any CPU
		{4CFD03B5-2B21-47D0-A645-6290AB3937CC}.Debug|Any CPU.ActiveCfg = Debug|Any CPU
		{4CFD03B5-2B21-47D0-A645-6290AB3937CC}.Debug|Any CPU.Build.0 = Debug|Any CPU
		{4CFD03B5-2B21-47D0-A645-6290AB3937CC}.Release|Any CPU.ActiveCfg = Release|Any CPU
		{4CFD03B5-2B21-47D0-A645-6290AB3937CC}.Release|Any CPU.Build.0 = Release|Any CPU
		{F7F75E78-59DE-4169-B122-489534D6A7D5}.Debug|Any CPU.ActiveCfg = Debug|Any CPU
		{F7F75E78-59DE-4169-B122-489534D6A7D5}.Debug|Any CPU.Build.0 = Debug|Any CPU
		{F7F75E78-59DE-4169-B122-489534D6A7D5}.Release|Any CPU.ActiveCfg = Release|Any CPU
		{F7F75E78-59DE-4169-B122-489534D6A7D5}.Release|Any CPU.Build.0 = Release|Any CPU
		{3F58D380-EF5B-4241-8E2F-19BF7ABDD831}.Debug|Any CPU.ActiveCfg = Debug|Any CPU
		{3F58D380-EF5B-4241-8E2F-19BF7ABDD831}.Debug|Any CPU.Build.0 = Debug|Any CPU
		{3F58D380-EF5B-4241-8E2F-19BF7ABDD831}.Release|Any CPU.ActiveCfg = Release|Any CPU
		{3F58D380-EF5B-4241-8E2F-19BF7ABDD831}.Release|Any CPU.Build.0 = Release|Any CPU
		{06ACACBB-90A5-437F-A378-7A9362978725}.Debug|Any CPU.ActiveCfg = Debug|Any CPU
		{06ACACBB-90A5-437F-A378-7A9362978725}.Debug|Any CPU.Build.0 = Debug|Any CPU
		{06ACACBB-90A5-437F-A378-7A9362978725}.Release|Any CPU.ActiveCfg = Release|Any CPU
		{06ACACBB-90A5-437F-A378-7A9362978725}.Release|Any CPU.Build.0 = Release|Any CPU
		{50A6E269-84CA-4B4B-A976-3D0484DA5D79}.Debug|Any CPU.ActiveCfg = Debug|Any CPU
		{50A6E269-84CA-4B4B-A976-3D0484DA5D79}.Debug|Any CPU.Build.0 = Debug|Any CPU
		{50A6E269-84CA-4B4B-A976-3D0484DA5D79}.Release|Any CPU.ActiveCfg = Release|Any CPU
		{50A6E269-84CA-4B4B-A976-3D0484DA5D79}.Release|Any CPU.Build.0 = Release|Any CPU
	EndGlobalSection
	GlobalSection(SolutionProperties) = preSolution
		HideSolutionNode = FALSE
	EndGlobalSection
EndGlobal
